
Microsoft Visual Studio Solution File, Format Version 12.00
# Visual Studio Version 17
VisualStudioVersion = 17.0.31903.59
MinimumVisualStudioVersion = 10.0.40219.1
Project("{2150E333-8FDC-42A3-9474-1A3956D46DE8}") = "src", "src", "{EA657511-7D4B-45FB-9AFC-8F39CF4DBE13}"
EndProject
Project("{2150E333-8FDC-42A3-9474-1A3956D46DE8}") = "Core", "Core", "{D81D77E1-6CF9-4126-81AC-64A8BF581BAA}"
EndProject
Project("{FAE04EC0-301F-11D3-BF4B-00C04F79EFBC}") = "GloboTicket.TicketManagement.Domain", "src\Core\GloboTicket.TicketManagement.Domain\GloboTicket.TicketManagement.Domain.csproj", "{535FF5DB-2897-4080-9484-B42038C7F720}"
EndProject
Project("{FAE04EC0-301F-11D3-BF4B-00C04F79EFBC}") = "GloboTicket.TicketManagement.Application", "src\Core\GloboTicket.TicketManagement.Application\GloboTicket.TicketManagement.Application.csproj", "{F312F92E-0B8C-4DC8-85D1-44A9BEF6E744}"
EndProject
Project("{2150E333-8FDC-42A3-9474-1A3956D46DE8}") = "Infustrucutre", "Infustrucutre", "{ECF7C3CB-A42B-4EF8-9616-75F9B5A1C5E8}"
EndProject
Project("{FAE04EC0-301F-11D3-BF4B-00C04F79EFBC}") = "GloboTicket.TicketManagement.Persistence", "src\Infustrucutre\GloboTicket.TicketManagement.Persistence\GloboTicket.TicketManagement.Persistence.csproj", "{4677D4B8-7E06-4690-8442-ED6B3F1617E6}"
EndProject
Project("{FAE04EC0-301F-11D3-BF4B-00C04F79EFBC}") = "GloboTicket.TicketManagement.Infrastructure", "src\Infustrucutre\GloboTicket.TicketManagement.Infrastructure\GloboTicket.TicketManagement.Infrastructure.csproj", "{AAED16F7-EEFE-4342-A403-C0535FB16896}"
EndProject
Project("{2150E333-8FDC-42A3-9474-1A3956D46DE8}") = "Api", "Api", "{15A2F0F9-14FC-46EB-ADDF-12AF049E20B5}"
EndProject
Project("{FAE04EC0-301F-11D3-BF4B-00C04F79EFBC}") = "GloboTicket.TicketManagement.Api", "src\Api\GloboTicket.TicketManagement.Api\GloboTicket.TicketManagement.Api.csproj", "{24C27E6F-A421-40C6-941F-3CAEC5968C1B}"
EndProject
Project("{2150E333-8FDC-42A3-9474-1A3956D46DE8}") = "test", "test", "{ED6F3634-8B79-4915-AF40-F3E209F95C3A}"
EndProject
Project("{FAE04EC0-301F-11D3-BF4B-00C04F79EFBC}") = "GloboTicket.TicketManagement.Application.Unit.Test", "test\GloboTicket.TicketManagement.Application\GloboTicket.TicketManagement.Application.Unit.Test.csproj", "{A11C3B5E-E58A-4811-BAC4-7B3678728195}"
EndProject
Project("{FAE04EC0-301F-11D3-BF4B-00C04F79EFBC}") = "GloboTicket.TicketManagement.Persistence.IntegrationTests", "test\GloboTicket.TicketManagement.Persistence.IntegrationTests\GloboTicket.TicketManagement.Persistence.IntegrationTests.csproj", "{600489A8-51B4-4AAC-BFBD-8C9B3DBBF664}"
EndProject
Global
	GlobalSection(SolutionConfigurationPlatforms) = preSolution
		Debug|Any CPU = Debug|Any CPU
		Release|Any CPU = Release|Any CPU
	EndGlobalSection
	GlobalSection(ProjectConfigurationPlatforms) = postSolution
		{535FF5DB-2897-4080-9484-B42038C7F720}.Debug|Any CPU.ActiveCfg = Debug|Any CPU
		{535FF5DB-2897-4080-9484-B42038C7F720}.Debug|Any CPU.Build.0 = Debug|Any CPU
		{535FF5DB-2897-4080-9484-B42038C7F720}.Release|Any CPU.ActiveCfg = Release|Any CPU
		{535FF5DB-2897-4080-9484-B42038C7F720}.Release|Any CPU.Build.0 = Release|Any CPU
		{F312F92E-0B8C-4DC8-85D1-44A9BEF6E744}.Debug|Any CPU.ActiveCfg = Debug|Any CPU
		{F312F92E-0B8C-4DC8-85D1-44A9BEF6E744}.Debug|Any CPU.Build.0 = Debug|Any CPU
		{F312F92E-0B8C-4DC8-85D1-44A9BEF6E744}.Release|Any CPU.ActiveCfg = Release|Any CPU
		{F312F92E-0B8C-4DC8-85D1-44A9BEF6E744}.Release|Any CPU.Build.0 = Release|Any CPU
		{4677D4B8-7E06-4690-8442-ED6B3F1617E6}.Debug|Any CPU.ActiveCfg = Debug|Any CPU
		{4677D4B8-7E06-4690-8442-ED6B3F1617E6}.Debug|Any CPU.Build.0 = Debug|Any CPU
		{4677D4B8-7E06-4690-8442-ED6B3F1617E6}.Release|Any CPU.ActiveCfg = Release|Any CPU
		{4677D4B8-7E06-4690-8442-ED6B3F1617E6}.Release|Any CPU.Build.0 = Release|Any CPU
		{AAED16F7-EEFE-4342-A403-C0535FB16896}.Debug|Any CPU.ActiveCfg = Debug|Any CPU
		{AAED16F7-EEFE-4342-A403-C0535FB16896}.Debug|Any CPU.Build.0 = Debug|Any CPU
		{AAED16F7-EEFE-4342-A403-C0535FB16896}.Release|Any CPU.ActiveCfg = Release|Any CPU
		{AAED16F7-EEFE-4342-A403-C0535FB16896}.Release|Any CPU.Build.0 = Release|Any CPU
		{24C27E6F-A421-40C6-941F-3CAEC5968C1B}.Debug|Any CPU.ActiveCfg = Debug|Any CPU
		{24C27E6F-A421-40C6-941F-3CAEC5968C1B}.Debug|Any CPU.Build.0 = Debug|Any CPU
		{24C27E6F-A421-40C6-941F-3CAEC5968C1B}.Release|Any CPU.ActiveCfg = Release|Any CPU
		{24C27E6F-A421-40C6-941F-3CAEC5968C1B}.Release|Any CPU.Build.0 = Release|Any CPU
		{A11C3B5E-E58A-4811-BAC4-7B3678728195}.Debug|Any CPU.ActiveCfg = Debug|Any CPU
		{A11C3B5E-E58A-4811-BAC4-7B3678728195}.Debug|Any CPU.Build.0 = Debug|Any CPU
		{A11C3B5E-E58A-4811-BAC4-7B3678728195}.Release|Any CPU.ActiveCfg = Release|Any CPU
		{A11C3B5E-E58A-4811-BAC4-7B3678728195}.Release|Any CPU.Build.0 = Release|Any CPU
		{600489A8-51B4-4AAC-BFBD-8C9B3DBBF664}.Debug|Any CPU.ActiveCfg = Debug|Any CPU
		{600489A8-51B4-4AAC-BFBD-8C9B3DBBF664}.Debug|Any CPU.Build.0 = Debug|Any CPU
		{600489A8-51B4-4AAC-BFBD-8C9B3DBBF664}.Release|Any CPU.ActiveCfg = Release|Any CPU
		{600489A8-51B4-4AAC-BFBD-8C9B3DBBF664}.Release|Any CPU.Build.0 = Release|Any CPU
	EndGlobalSection
	GlobalSection(SolutionProperties) = preSolution
		HideSolutionNode = FALSE
	EndGlobalSection
	GlobalSection(NestedProjects) = preSolution
		{D81D77E1-6CF9-4126-81AC-64A8BF581BAA} = {EA657511-7D4B-45FB-9AFC-8F39CF4DBE13}
		{535FF5DB-2897-4080-9484-B42038C7F720} = {D81D77E1-6CF9-4126-81AC-64A8BF581BAA}
		{F312F92E-0B8C-4DC8-85D1-44A9BEF6E744} = {D81D77E1-6CF9-4126-81AC-64A8BF581BAA}
		{ECF7C3CB-A42B-4EF8-9616-75F9B5A1C5E8} = {EA657511-7D4B-45FB-9AFC-8F39CF4DBE13}
		{4677D4B8-7E06-4690-8442-ED6B3F1617E6} = {ECF7C3CB-A42B-4EF8-9616-75F9B5A1C5E8}
		{AAED16F7-EEFE-4342-A403-C0535FB16896} = {ECF7C3CB-A42B-4EF8-9616-75F9B5A1C5E8}
		{15A2F0F9-14FC-46EB-ADDF-12AF049E20B5} = {EA657511-7D4B-45FB-9AFC-8F39CF4DBE13}
		{24C27E6F-A421-40C6-941F-3CAEC5968C1B} = {15A2F0F9-14FC-46EB-ADDF-12AF049E20B5}
		{A11C3B5E-E58A-4811-BAC4-7B3678728195} = {ED6F3634-8B79-4915-AF40-F3E209F95C3A}
		{600489A8-51B4-4AAC-BFBD-8C9B3DBBF664} = {ED6F3634-8B79-4915-AF40-F3E209F95C3A}
	EndGlobalSection
EndGlobal
