
Microsoft Visual Studio Solution File, Format Version 12.00
# Visual Studio Version 17
VisualStudioVersion = 17.0.31903.59
MinimumVisualStudioVersion = 10.0.40219.1
Project("{2150E333-8FDC-42A3-9474-1A3956D46DE8}") = "src", "src", "{EA657511-7D4B-45FB-9AFC-8F39CF4DBE13}"
EndProject
Project("{2150E333-8FDC-42A3-9474-1A3956D46DE8}") = "Core", "Core", "{D81D77E1-6CF9-4126-81AC-64A8BF581BAA}"
EndProject
Project("{FAE04EC0-301F-11D3-BF4B-00C04F79EFBC}") = "GloboTicket.TicketManagement.Domain", "src\Core\GloboTicket.TicketManagement.Domain\GloboTicket.TicketManagement.Domain.csproj", "{535FF5DB-2897-4080-9484-B42038C7F720}"
EndProject
Project("{FAE04EC0-301F-11D3-BF4B-00C04F79EFBC}") = "GloboTicket.TicketManagement.Application", "src\Core\GloboTicket.TicketManagement.Application\GloboTicket.TicketManagement.Application.csproj", "{F312F92E-0B8C-4DC8-85D1-44A9BEF6E744}"
EndProject
Global
	GlobalSection(SolutionConfigurationPlatforms) = preSolution
		Debug|Any CPU = Debug|Any CPU
		Release|Any CPU = Release|Any CPU
	EndGlobalSection
	GlobalSection(SolutionProperties) = preSolution
		HideSolutionNode = FALSE
	EndGlobalSection
	GlobalSection(ProjectConfigurationPlatforms) = postSolution
		{535FF5DB-2897-4080-9484-B42038C7F720}.Debug|Any CPU.ActiveCfg = Debug|Any CPU
		{535FF5DB-2897-4080-9484-B42038C7F720}.Debug|Any CPU.Build.0 = Debug|Any CPU
		{535FF5DB-2897-4080-9484-B42038C7F720}.Release|Any CPU.ActiveCfg = Release|Any CPU
		{535FF5DB-2897-4080-9484-B42038C7F720}.Release|Any CPU.Build.0 = Release|Any CPU
		{F312F92E-0B8C-4DC8-85D1-44A9BEF6E744}.Debug|Any CPU.ActiveCfg = Debug|Any CPU
		{F312F92E-0B8C-4DC8-85D1-44A9BEF6E744}.Debug|Any CPU.Build.0 = Debug|Any CPU
		{F312F92E-0B8C-4DC8-85D1-44A9BEF6E744}.Release|Any CPU.ActiveCfg = Release|Any CPU
		{F312F92E-0B8C-4DC8-85D1-44A9BEF6E744}.Release|Any CPU.Build.0 = Release|Any CPU
	EndGlobalSection
	GlobalSection(NestedProjects) = preSolution
		{D81D77E1-6CF9-4126-81AC-64A8BF581BAA} = {EA657511-7D4B-45FB-9AFC-8F39CF4DBE13}
		{535FF5DB-2897-4080-9484-B42038C7F720} = {D81D77E1-6CF9-4126-81AC-64A8BF581BAA}
		{F312F92E-0B8C-4DC8-85D1-44A9BEF6E744} = {D81D77E1-6CF9-4126-81AC-64A8BF581BAA}
	EndGlobalSection
EndGlobal
